# THIS IS AN AUTOGENERATED FILE. DO NOT EDIT THIS FILE DIRECTLY.
# yarn lockfile v1


"@ant-design/colors@^7.0.0", "@ant-design/colors@^7.2.0":
  version "7.2.0"
  resolved "https://registry.npmjs.org/@ant-design/colors/-/colors-7.2.0.tgz#80d7325d20463f09c7839d28da630043dd5c263a"
  integrity sha512-bjTObSnZ9C/O8MB/B4OUtd/q9COomuJAR2SYfhxLyHvCKn4EKwCN3e+fWGMo7H5InAyV0wL17jdE9ALrdOW/6A==
  dependencies:
    "@ant-design/fast-color" "^2.0.6"

"@ant-design/cssinjs-utils@^1.1.3":
  version "1.1.3"
  resolved "https://registry.npmjs.org/@ant-design/cssinjs-utils/-/cssinjs-utils-1.1.3.tgz#5dd79126057920a6992d57b38dd84e2c0b707977"
  integrity sha512-nOoQMLW1l+xR1Co8NFVYiP8pZp3VjIIzqV6D6ShYF2ljtdwWJn5WSsH+7kvCktXL/yhEtWURKOfH5Xz/gzlwsg==
  dependencies:
    "@ant-design/cssinjs" "^1.21.0"
    "@babel/runtime" "^7.23.2"
    rc-util "^5.38.0"

"@ant-design/cssinjs@^1.21.0", "@ant-design/cssinjs@^1.23.0":
  version "1.23.0"
  resolved "https://registry.npmjs.org/@ant-design/cssinjs/-/cssinjs-1.23.0.tgz#492efba9b15d64f42a4cb5d568cab0607d0c2b16"
  integrity sha512-7GAg9bD/iC9ikWatU9ym+P9ugJhi/WbsTWzcKN6T4gU0aehsprtke1UAaaSxxkjjmkJb3llet/rbUSLPgwlY4w==
  dependencies:
    "@babel/runtime" "^7.11.1"
    "@emotion/hash" "^0.8.0"
    "@emotion/unitless" "^0.7.5"
    classnames "^2.3.1"
    csstype "^3.1.3"
    rc-util "^5.35.0"
    stylis "^4.3.4"

"@ant-design/fast-color@^2.0.6":
  version "2.0.6"
  resolved "https://registry.npmjs.org/@ant-design/fast-color/-/fast-color-2.0.6.tgz#ab4d4455c1542c9017d367c2fa8ca3e4215d0ba2"
  integrity sha512-y2217gk4NqL35giHl72o6Zzqji9O7vHh9YmhUVkPtAOpoTCH4uWxo/pr4VE8t0+ChEPs0qo4eJRC5Q1eXWo3vA==
  dependencies:
    "@babel/runtime" "^7.24.7"

"@ant-design/icons-svg@^4.4.0":
  version "4.4.2"
  resolved "https://registry.npmjs.org/@ant-design/icons-svg/-/icons-svg-4.4.2.tgz#ed2be7fb4d82ac7e1d45a54a5b06d6cecf8be6f6"
  integrity sha512-vHbT+zJEVzllwP+CM+ul7reTEfBR0vgxFe7+lREAsAA7YGsYpboiq2sQNeQeRvh09GfQgs/GyFEvZpJ9cLXpXA==

"@ant-design/icons@^5.6.1":
  version "5.6.1"
  resolved "https://registry.npmjs.org/@ant-design/icons/-/icons-5.6.1.tgz#7290fcdc3d96ff3fca793ed399053cd29ad5dbd3"
  integrity sha512-0/xS39c91WjPAZOWsvi1//zjx6kAp4kxWwctR6kuU6p133w8RU0D2dSCvZC19uQyharg/sAvYxGYWl01BbZZfg==
  dependencies:
    "@ant-design/colors" "^7.0.0"
    "@ant-design/icons-svg" "^4.4.0"
    "@babel/runtime" "^7.24.8"
    classnames "^2.2.6"
    rc-util "^5.31.1"

"@ant-design/react-slick@~1.1.2":
  version "1.1.2"
  resolved "https://registry.npmjs.org/@ant-design/react-slick/-/react-slick-1.1.2.tgz#f84ce3e4d0dc941f02b16f1d1d6d7a371ffbb4f1"
  integrity sha512-EzlvzE6xQUBrZuuhSAFTdsr4P2bBBHGZwKFemEfq8gIGyIQCxalYfZW/T2ORbtQx5rU69o+WycP3exY/7T1hGA==
  dependencies:
    "@babel/runtime" "^7.10.4"
    classnames "^2.2.5"
    json2mq "^0.2.0"
    resize-observer-polyfill "^1.5.1"
    throttle-debounce "^5.0.0"

"@babel/runtime@^7.10.1", "@babel/runtime@^7.10.4", "@babel/runtime@^7.11.1", "@babel/runtime@^7.11.2", "@babel/runtime@^7.16.7", "@babel/runtime@^7.18.0", "@babel/runtime@^7.18.3", "@babel/runtime@^7.20.0", "@babel/runtime@^7.20.7", "@babel/runtime@^7.21.0", "@babel/runtime@^7.22.5", "@babel/runtime@^7.23.2", "@babel/runtime@^7.23.6", "@babel/runtime@^7.23.9", "@babel/runtime@^7.24.4", "@babel/runtime@^7.24.7", "@babel/runtime@^7.24.8", "@babel/runtime@^7.25.7", "@babel/runtime@^7.26.0":
  version "7.26.9"
  resolved "https://registry.npmjs.org/@babel/runtime/-/runtime-7.26.9.tgz#aa4c6facc65b9cb3f87d75125ffd47781b475433"
  integrity sha512-aA63XwOkcl4xxQa3HjPMqOP6LiK0ZDv3mUPYEFXkpHbaFjtGggE1A61FjFzJnB+p7/oy2gA8E+rcBNl/zC1tMg==
  dependencies:
    regenerator-runtime "^0.14.0"

"@babylonjs/core@7.41.1":
  version "7.41.1"
  resolved "https://registry.npmjs.org/@babylonjs/core/-/core-7.41.1.tgz#0e8fb4983398841851be78e9fa0c574812157d0d"
  integrity sha512-j7ieqzBmI3z8pXkZ8HUzMn/kJMEfo5/dp40ocpfVeuADd7N6rHxFqrWVbmsrIlkcmAT8Ac1NtqvAJ4GN/evyNw==

"@emotion/hash@^0.8.0":
  version "0.8.0"
  resolved "https://registry.npmjs.org/@emotion/hash/-/hash-0.8.0.tgz#bbbff68978fefdbe68ccb533bc8cbe1d1afb5413"
  integrity sha512-kBJtf7PH6aWwZ6fka3zQ0p6SBYzx4fl1LoZXE2RrnYST9Xljm7WfKJrU4g/Xr3Beg72MLrp1AWNUmuYJTL7Cow==

"@emotion/unitless@^0.7.5":
  version "0.7.5"
  resolved "https://registry.npmjs.org/@emotion/unitless/-/unitless-0.7.5.tgz#77211291c1900a700b8a78cfafda3160d76949ed"
  integrity sha512-OWORNpfjMsSSUBVrRBVGECkhWcULOAJz9ZW8uK9qgxD+87M7jHRcvh/A96XXNhXTLmKcoYSQtBEX7lHMO7YRwg==

"@hocuspocus/common@^2.15.2":
  version "2.15.2"
  resolved "https://registry.npmjs.org/@hocuspocus/common/-/common-2.15.2.tgz#dec1869f41716bd80a454e4cefb789fcbad543a0"
  integrity sha512-wU1wxXNnQQMXyeL3mdSDYiQsm/r/QyJVjjQhF7sUBrLnjdsN7bA1cvfcSvJBr1ymrMSeYRmUL3UlQmEHEOaP7w==
  dependencies:
    lib0 "^0.2.87"

"@hocuspocus/provider@^2.15.0":
  version "2.15.2"
  resolved "https://registry.npmjs.org/@hocuspocus/provider/-/provider-2.15.2.tgz#ce534b90e161cd32fd02928d7296bb38f424c319"
  integrity sha512-mdBurviyaUd7bQx4vMIE39WqRJDTpfFelHOVXr7w/jA8G1E7K7lxQ9/DacSrbg+9o8s+1z1+SerZiUjaToaBJg==
  dependencies:
    "@hocuspocus/common" "^2.15.2"
    "@lifeomic/attempt" "^3.0.2"
    lib0 "^0.2.87"
    ws "^8.17.1"

"@lifeomic/attempt@^3.0.2":
  version "3.1.0"
  resolved "https://registry.npmjs.org/@lifeomic/attempt/-/attempt-3.1.0.tgz#7fc703559177b81a008b9d263e3d9a001d11d08a"
  integrity sha512-QZqem4QuAnAyzfz+Gj5/+SLxqwCAw2qmt7732ZXodr6VDWGeYLG6w1i/vYLa55JQM9wRuBKLmXmiZ2P0LtE5rw==

"@rc-component/async-validator@^5.0.3":
  version "5.0.4"
  resolved "https://registry.npmjs.org/@rc-component/async-validator/-/async-validator-5.0.4.tgz#5291ad92f00a14b6766fc81735c234277f83e948"
  integrity sha512-qgGdcVIF604M9EqjNF0hbUTz42bz/RDtxWdWuU5EQe3hi7M8ob54B6B35rOsvX5eSvIHIzT9iH1R3n+hk3CGfg==
  dependencies:
    "@babel/runtime" "^7.24.4"

"@rc-component/color-picker@~2.0.1":
  version "2.0.1"
  resolved "https://registry.npmjs.org/@rc-component/color-picker/-/color-picker-2.0.1.tgz#6b9b96152466a9d4475cbe72b40b594bfda164be"
  integrity sha512-WcZYwAThV/b2GISQ8F+7650r5ZZJ043E57aVBFkQ+kSY4C6wdofXgB0hBx+GPGpIU0Z81eETNoDUJMr7oy/P8Q==
  dependencies:
    "@ant-design/fast-color" "^2.0.6"
    "@babel/runtime" "^7.23.6"
    classnames "^2.2.6"
    rc-util "^5.38.1"

"@rc-component/context@^1.4.0":
  version "1.4.0"
  resolved "https://registry.npmjs.org/@rc-component/context/-/context-1.4.0.tgz#dc6fb021d6773546af8f016ae4ce9aea088395e8"
  integrity sha512-kFcNxg9oLRMoL3qki0OMxK+7g5mypjgaaJp/pkOis/6rVxma9nJBF/8kCIuTYHUQNr0ii7MxqE33wirPZLJQ2w==
  dependencies:
    "@babel/runtime" "^7.10.1"
    rc-util "^5.27.0"

"@rc-component/mini-decimal@^1.0.1":
  version "1.1.0"
  resolved "https://registry.npmjs.org/@rc-component/mini-decimal/-/mini-decimal-1.1.0.tgz#7b7a362b14a0a54cb5bc6fd2b82731f29f11d9b0"
  integrity sha512-jS4E7T9Li2GuYwI6PyiVXmxTiM6b07rlD9Ge8uGZSCz3WlzcG5ZK7g5bbuKNeZ9pgUuPK/5guV781ujdVpm4HQ==
  dependencies:
    "@babel/runtime" "^7.18.0"

"@rc-component/mutate-observer@^1.1.0":
  version "1.1.0"
  resolved "https://registry.npmjs.org/@rc-component/mutate-observer/-/mutate-observer-1.1.0.tgz#ee53cc88b78aade3cd0653609215a44779386fd8"
  integrity sha512-QjrOsDXQusNwGZPf4/qRQasg7UFEj06XiCJ8iuiq/Io7CrHrgVi6Uuetw60WAMG1799v+aM8kyc+1L/GBbHSlw==
  dependencies:
    "@babel/runtime" "^7.18.0"
    classnames "^2.3.2"
    rc-util "^5.24.4"

"@rc-component/portal@^1.0.0-8", "@rc-component/portal@^1.0.0-9", "@rc-component/portal@^1.0.2", "@rc-component/portal@^1.1.0", "@rc-component/portal@^1.1.1":
  version "1.1.2"
  resolved "https://registry.npmjs.org/@rc-component/portal/-/portal-1.1.2.tgz#55db1e51d784e034442e9700536faaa6ab63fc71"
  integrity sha512-6f813C0IsasTZms08kfA8kPAGxbbkYToa8ALaiDIGGECU4i9hj8Plgbx0sNJDrey3EtHO30hmdaxtT0138xZcg==
  dependencies:
    "@babel/runtime" "^7.18.0"
    classnames "^2.3.2"
    rc-util "^5.24.4"

"@rc-component/qrcode@~1.0.0":
  version "1.0.0"
  resolved "https://registry.npmjs.org/@rc-component/qrcode/-/qrcode-1.0.0.tgz#48a8de5eb11d0e65926f1377c4b1ef4c888997f5"
  integrity sha512-L+rZ4HXP2sJ1gHMGHjsg9jlYBX/SLN2D6OxP9Zn3qgtpMWtO2vUfxVFwiogHpAIqs54FnALxraUy/BCO1yRIgg==
  dependencies:
    "@babel/runtime" "^7.24.7"
    classnames "^2.3.2"
    rc-util "^5.38.0"

"@rc-component/tour@~1.15.1":
  version "1.15.1"
  resolved "https://registry.npmjs.org/@rc-component/tour/-/tour-1.15.1.tgz#9b79808254185fc19e964172d99e25e8c6800ded"
  integrity sha512-Tr2t7J1DKZUpfJuDZWHxyxWpfmj8EZrqSgyMZ+BCdvKZ6r1UDsfU46M/iWAAFBy961Ssfom2kv5f3UcjIL2CmQ==
  dependencies:
    "@babel/runtime" "^7.18.0"
    "@rc-component/portal" "^1.0.0-9"
    "@rc-component/trigger" "^2.0.0"
    classnames "^2.3.2"
    rc-util "^5.24.4"

"@rc-component/trigger@^2.0.0", "@rc-component/trigger@^2.1.1", "@rc-component/trigger@^2.2.6":
  version "2.2.6"
  resolved "https://registry.npmjs.org/@rc-component/trigger/-/trigger-2.2.6.tgz#bfe6602313b3fadd659687746511f813299d5ea4"
  integrity sha512-/9zuTnWwhQ3S3WT1T8BubuFTT46kvnXgaERR9f4BTKyn61/wpf/BvbImzYBubzJibU707FxwbKszLlHjcLiv1Q==
  dependencies:
    "@babel/runtime" "^7.23.2"
    "@rc-component/portal" "^1.1.0"
    classnames "^2.3.2"
    rc-motion "^2.0.0"
    rc-resize-observer "^1.3.1"
    rc-util "^5.44.0"

"@types/prop-types@*":
  version "15.7.14"
  resolved "https://registry.npmjs.org/@types/prop-types/-/prop-types-15.7.14.tgz#1433419d73b2a7ebfc6918dcefd2ec0d5cd698f2"
  integrity sha512-gNMvNH49DJ7OJYv+KAKn0Xp45p8PLl6zo2YnvDIbTd4J6MER2BmWN49TG7n9LvkyihINxeKW8+3bfS2yDC9dzQ==

"@types/react-dom@^18":
  version "18.3.5"
  resolved "https://registry.npmjs.org/@types/react-dom/-/react-dom-18.3.5.tgz#45f9f87398c5dcea085b715c58ddcf1faf65f716"
  integrity sha512-P4t6saawp+b/dFrUr2cvkVsfvPguwsxtH6dNIYRllMsefqFzkZk5UIjzyDOv5g1dXIPdG4Sp1yCR4Z6RCUsG/Q==

"@types/react@^18":
  version "18.3.18"
  resolved "https://registry.npmjs.org/@types/react/-/react-18.3.18.tgz#9b382c4cd32e13e463f97df07c2ee3bbcd26904b"
  integrity sha512-t4yC+vtgnkYjNSKlFx1jkAhH8LgTo2N/7Qvi83kdEaUtMDiwpbLAktKDaAMlRcJ5eSxZkH74eEGt1ky31d7kfQ==
  dependencies:
    "@types/prop-types" "*"
    csstype "^3.0.2"

abstract-leveldown@^6.2.1:
  version "6.3.0"
  resolved "https://registry.npmjs.org/abstract-leveldown/-/abstract-leveldown-6.3.0.tgz#d25221d1e6612f820c35963ba4bd739928f6026a"
  integrity sha512-TU5nlYgta8YrBMNpc9FwQzRbiXsj49gsALsXadbGHt9CROPzX5fB0rWDR5mtdpOOKa5XqRFpbj1QroPAoPzVjQ==
  dependencies:
    buffer "^5.5.0"
    immediate "^3.2.3"
    level-concat-iterator "~2.0.0"
    level-supports "~1.0.0"
    xtend "~4.0.0"

abstract-leveldown@~6.2.1, abstract-leveldown@~6.2.3:
  version "6.2.3"
  resolved "https://registry.npmjs.org/abstract-leveldown/-/abstract-leveldown-6.2.3.tgz#036543d87e3710f2528e47040bc3261b77a9a8eb"
  integrity sha512-BsLm5vFMRUrrLeCcRc+G0t2qOaTzpoJQLOubq2XM72eNpjF5UdU5o/5NvlNhx95XHcAvcl8OMXr4mlg/fRgUXQ==
  dependencies:
    buffer "^5.5.0"
    immediate "^3.2.3"
    level-concat-iterator "~2.0.0"
    level-supports "~1.0.0"
    xtend "~4.0.0"

antd@5.24.1:
  version "5.24.1"
  resolved "https://registry.npmjs.org/antd/-/antd-5.24.1.tgz#ec59c4e91c90cec4d1f74f5c3ea4e73bcf2ce7a8"
  integrity sha512-RGwpXpSr2RtoUnrpJl3V6ZaTExwSXkFVxV24VUowwC04n6oA1sGyJrofQOKNqD623sVxL5UJBmf0a+BFBImP3Q==
  dependencies:
    "@ant-design/colors" "^7.2.0"
    "@ant-design/cssinjs" "^1.23.0"
    "@ant-design/cssinjs-utils" "^1.1.3"
    "@ant-design/fast-color" "^2.0.6"
    "@ant-design/icons" "^5.6.1"
    "@ant-design/react-slick" "~1.1.2"
    "@babel/runtime" "^7.26.0"
    "@rc-component/color-picker" "~2.0.1"
    "@rc-component/mutate-observer" "^1.1.0"
    "@rc-component/qrcode" "~1.0.0"
    "@rc-component/tour" "~1.15.1"
    "@rc-component/trigger" "^2.2.6"
    classnames "^2.5.1"
    copy-to-clipboard "^3.3.3"
    dayjs "^1.11.11"
    rc-cascader "~3.33.0"
    rc-checkbox "~3.5.0"
    rc-collapse "~3.9.0"
    rc-dialog "~9.6.0"
    rc-drawer "~7.2.0"
    rc-dropdown "~4.2.1"
    rc-field-form "~2.7.0"
    rc-image "~7.11.0"
    rc-input "~1.7.2"
    rc-input-number "~9.4.0"
    rc-mentions "~2.19.1"
    rc-menu "~9.16.0"
    rc-motion "^2.9.5"
    rc-notification "~5.6.3"
    rc-pagination "~5.1.0"
    rc-picker "~4.11.1"
    rc-progress "~4.0.0"
    rc-rate "~2.13.1"
    rc-resize-observer "^1.4.3"
    rc-segmented "~2.7.0"
    rc-select "~14.16.6"
    rc-slider "~11.1.8"
    rc-steps "~6.0.1"
    rc-switch "~4.1.0"
    rc-table "~7.50.3"
    rc-tabs "~15.5.1"
    rc-textarea "~1.9.0"
    rc-tooltip "~6.4.0"
    rc-tree "~5.13.0"
    rc-tree-select "~5.27.0"
    rc-upload "~4.8.1"
    rc-util "^5.44.4"
    scroll-into-view-if-needed "^3.1.0"
    throttle-debounce "^5.0.2"

async-limiter@~1.0.0:
  version "1.0.1"
  resolved "https://registry.npmjs.org/async-limiter/-/async-limiter-1.0.1.tgz#dd379e94f0db8310b08291f9d64c3209766617fd"
  integrity sha512-csOlWGAcRFJaI6m+F2WKdnMKr4HhdhFVBk0H/QbJFMCr+uO2kwohwXQPxw/9OCxp05r5ghVBFSyioixx3gfkNQ==

base64-js@^1.3.1:
  version "1.5.1"
  resolved "https://registry.npmjs.org/base64-js/-/base64-js-1.5.1.tgz#1b1b440160a5bf7ad40b650f095963481903930a"
  integrity sha512-AKpaYlHn8t4SVbOHCy+b5+KKgvR4vrsD8vbvrbiQJps7fKDTkjkDry6ji0rUJjC0kzbNePLwzxq8iypo41qeWA==

buffer@^5.5.0, buffer@^5.6.0:
  version "5.7.1"
  resolved "https://registry.npmjs.org/buffer/-/buffer-5.7.1.tgz#ba62e7c13133053582197160851a8f648e99eed0"
  integrity sha512-EHcyIPBQ4BSGlvjB16k5KgAJ27CIsHY/2JBmCRReo48y9rQ3MaUzWX3KVlBa4U7MyX02HdVj0K7C3WaB3ju7FQ==
  dependencies:
    base64-js "^1.3.1"
    ieee754 "^1.1.13"

classnames@2.x, classnames@^2.2.1, classnames@^2.2.3, classnames@^2.2.5, classnames@^2.2.6, classnames@^2.3.1, classnames@^2.3.2, classnames@^2.5.1:
  version "2.5.1"
  resolved "https://registry.npmjs.org/classnames/-/classnames-2.5.1.tgz#ba774c614be0f016da105c858e7159eae8e7687b"
  integrity sha512-saHYOzhIQs6wy2sVxTM6bUDsQO4F50V9RQ22qBpEdCW+I+/Wmke2HOl6lS6dTpdxVhb88/I6+Hs+438c3lfUow==

clsx@2.1.1:
  version "2.1.1"
  resolved "https://registry.npmjs.org/clsx/-/clsx-2.1.1.tgz#eed397c9fd8bd882bfb18deab7102049a2f32999"
  integrity sha512-eYm0QWBtUrBWZWG0d386OGAw16Z995PiOVo2B7bjWSbHedGl5e0ZWaq65kOGgUSNesEIDkB9ISbTg/JK9dhCZA==

compute-scroll-into-view@^3.0.2:
  version "3.1.1"
  resolved "https://registry.npmjs.org/compute-scroll-into-view/-/compute-scroll-into-view-3.1.1.tgz#02c3386ec531fb6a9881967388e53e8564f3e9aa"
  integrity sha512-VRhuHOLoKYOy4UbilLbUzbYg93XLjv2PncJC50EuTWPA3gaja1UjBsUP/D/9/juV3vQFr6XBEzn9KCAHdUvOHw==

copy-to-clipboard@^3.3.3:
  version "3.3.3"
  resolved "https://registry.npmjs.org/copy-to-clipboard/-/copy-to-clipboard-3.3.3.tgz#55ac43a1db8ae639a4bd99511c148cdd1b83a1b0"
  integrity sha512-2KV8NhB5JqC3ky0r9PMCAZKbUHSwtEo4CwCs0KXgruG43gX5PMqDEBbVU4OUzw2MuAWUfsuFmWvEKG5QRfSnJA==
  dependencies:
    toggle-selection "^1.0.6"

csstype@^3.0.2, csstype@^3.1.3:
  version "3.1.3"
  resolved "https://registry.npmjs.org/csstype/-/csstype-3.1.3.tgz#d80ff294d114fb0e6ac500fbf85b60137d7eff81"
  integrity sha512-M1uQkMl8rQK/szD0LNhtqxIPLpimGm8sOBwU7lLnCpSbTyY3yeU1Vc7l4KT5zT4s/yOxHH5O7tIuuLOCnLADRw==

dayjs@^1.11.11:
  version "1.11.13"
  resolved "https://registry.npmjs.org/dayjs/-/dayjs-1.11.13.tgz#92430b0139055c3ebb60150aa13e860a4b5a366c"
  integrity sha512-oaMBel6gjolK862uaPQOVTA7q3TZhuSvuMQAAglQDOWYO9A91IrAOUJEyKVlqJlHE0vq5p5UXxzdPfMH/x6xNg==

deferred-leveldown@~5.3.0:
  version "5.3.0"
  resolved "https://registry.npmjs.org/deferred-leveldown/-/deferred-leveldown-5.3.0.tgz#27a997ad95408b61161aa69bd489b86c71b78058"
  integrity sha512-a59VOT+oDy7vtAbLRCZwWgxu2BaCfd5Hk7wxJd48ei7I+nsg8Orlb9CLG0PMZienk9BSUKgeAqkO2+Lw+1+Ukw==
  dependencies:
    abstract-leveldown "~6.2.1"
    inherits "^2.0.3"

encoding-down@^6.3.0:
  version "6.3.0"
  resolved "https://registry.npmjs.org/encoding-down/-/encoding-down-6.3.0.tgz#b1c4eb0e1728c146ecaef8e32963c549e76d082b"
  integrity sha512-QKrV0iKR6MZVJV08QY0wp1e7vF6QbhnbQhb07bwpEyuz4uZiZgPlEGdkCROuFkUwdxlFaiPIhjyarH1ee/3vhw==
  dependencies:
    abstract-leveldown "^6.2.1"
    inherits "^2.0.3"
    level-codec "^9.0.0"
    level-errors "^2.0.0"

errno@~0.1.1:
  version "0.1.8"
  resolved "https://registry.npmjs.org/errno/-/errno-0.1.8.tgz#8bb3e9c7d463be4976ff888f76b4809ebc2e811f"
  integrity sha512-dJ6oBr5SQ1VSd9qkk7ByRgb/1SH4JZjCHSW/mr63/QcXO9zLVxvJ6Oy13nio03rxpSnVDDjFor75SjVeZWPW/A==
  dependencies:
    prr "~1.0.1"

ieee754@^1.1.13:
  version "1.2.1"
  resolved "https://registry.npmjs.org/ieee754/-/ieee754-1.2.1.tgz#8eb7a10a63fff25d15a57b001586d177d1b0d352"
  integrity sha512-dcyqhDvX1C46lXZcVqCpK+FtMRQVdIMN6/Df5js2zouUsqG7I6sFxitIC+7KYK29KdXOLHdu9zL4sFnoVQnqaA==

immediate@^3.2.3:
  version "3.3.0"
  resolved "https://registry.npmjs.org/immediate/-/immediate-3.3.0.tgz#1aef225517836bcdf7f2a2de2600c79ff0269266"
  integrity sha512-HR7EVodfFUdQCTIeySw+WDRFJlPcLOJbXfwwZ7Oom6tjsvZ3bOkCDJHehQC3nxJrv7+f9XecwazynjU8e4Vw3Q==

inherits@^2.0.3, inherits@^2.0.4:
  version "2.0.4"
  resolved "https://registry.npmjs.org/inherits/-/inherits-2.0.4.tgz#0fa2c64f932917c3433a0ded55363aae37416b7c"
  integrity sha512-k/vGaX4/Yla3WzyMCvTQOXYeIHvqOKtnqBduzTHpzpQZzAskKMhZ2K+EnBiSM9zGSoIFeMpXKxa4dYeZIQqewQ==

isomorphic.js@^0.2.4:
  version "0.2.5"
  resolved "https://registry.npmjs.org/isomorphic.js/-/isomorphic.js-0.2.5.tgz#13eecf36f2dba53e85d355e11bf9d4208c6f7f88"
  integrity sha512-PIeMbHqMt4DnUP3MA/Flc0HElYjMXArsw1qwJZcm9sqR8mq3l8NYizFMty0pWwE/tzIGH3EKK5+jes5mAr85yw==

json2mq@^0.2.0:
  version "0.2.0"
  resolved "https://registry.npmjs.org/json2mq/-/json2mq-0.2.0.tgz#b637bd3ba9eabe122c83e9720483aeb10d2c904a"
  integrity sha512-SzoRg7ux5DWTII9J2qkrZrqV1gt+rTaoufMxEzXbS26Uid0NwaJd123HcoB80TgubEppxxIGdNxCx50fEoEWQA==
  dependencies:
    string-convert "^0.2.0"

level-codec@^9.0.0:
  version "9.0.2"
  resolved "https://registry.npmjs.org/level-codec/-/level-codec-9.0.2.tgz#fd60df8c64786a80d44e63423096ffead63d8cbc"
  integrity sha512-UyIwNb1lJBChJnGfjmO0OR+ezh2iVu1Kas3nvBS/BzGnx79dv6g7unpKIDNPMhfdTEGoc7mC8uAu51XEtX+FHQ==
  dependencies:
    buffer "^5.6.0"

level-concat-iterator@~2.0.0:
  version "2.0.1"
  resolved "https://registry.npmjs.org/level-concat-iterator/-/level-concat-iterator-2.0.1.tgz#1d1009cf108340252cb38c51f9727311193e6263"
  integrity sha512-OTKKOqeav2QWcERMJR7IS9CUo1sHnke2C0gkSmcR7QuEtFNLLzHQAvnMw8ykvEcv0Qtkg0p7FOwP1v9e5Smdcw==

level-errors@^2.0.0, level-errors@~2.0.0:
  version "2.0.1"
  resolved "https://registry.npmjs.org/level-errors/-/level-errors-2.0.1.tgz#2132a677bf4e679ce029f517c2f17432800c05c8"
  integrity sha512-UVprBJXite4gPS+3VznfgDSU8PTRuVX0NXwoWW50KLxd2yw4Y1t2JUR5In1itQnudZqRMT9DlAM3Q//9NCjCFw==
  dependencies:
    errno "~0.1.1"

level-iterator-stream@~4.0.0:
  version "4.0.2"
  resolved "https://registry.npmjs.org/level-iterator-stream/-/level-iterator-stream-4.0.2.tgz#7ceba69b713b0d7e22fcc0d1f128ccdc8a24f79c"
  integrity sha512-ZSthfEqzGSOMWoUGhTXdX9jv26d32XJuHz/5YnuHZzH6wldfWMOVwI9TBtKcya4BKTyTt3XVA0A3cF3q5CY30Q==
  dependencies:
    inherits "^2.0.4"
    readable-stream "^3.4.0"
    xtend "^4.0.2"

level-js@^5.0.0:
  version "5.0.2"
  resolved "https://registry.npmjs.org/level-js/-/level-js-5.0.2.tgz#5e280b8f93abd9ef3a305b13faf0b5397c969b55"
  integrity sha512-SnBIDo2pdO5VXh02ZmtAyPP6/+6YTJg2ibLtl9C34pWvmtMEmRTWpra+qO/hifkUtBTOtfx6S9vLDjBsBK4gRg==
  dependencies:
    abstract-leveldown "~6.2.3"
    buffer "^5.5.0"
    inherits "^2.0.3"
    ltgt "^2.1.2"

level-packager@^5.1.0:
  version "5.1.1"
  resolved "https://registry.npmjs.org/level-packager/-/level-packager-5.1.1.tgz#323ec842d6babe7336f70299c14df2e329c18939"
  integrity sha512-HMwMaQPlTC1IlcwT3+swhqf/NUO+ZhXVz6TY1zZIIZlIR0YSn8GtAAWmIvKjNY16ZkEg/JcpAuQskxsXqC0yOQ==
  dependencies:
    encoding-down "^6.3.0"
    levelup "^4.3.2"

level-supports@~1.0.0:
  version "1.0.1"
  resolved "https://registry.npmjs.org/level-supports/-/level-supports-1.0.1.tgz#2f530a596834c7301622521988e2c36bb77d122d"
  integrity sha512-rXM7GYnW8gsl1vedTJIbzOrRv85c/2uCMpiiCzO2fndd06U/kUXEEU9evYn4zFggBOg36IsBW8LzqIpETwwQzg==
  dependencies:
    xtend "^4.0.2"

level@^6.0.1:
  version "6.0.1"
  resolved "https://registry.npmjs.org/level/-/level-6.0.1.tgz#dc34c5edb81846a6de5079eac15706334b0d7cd6"
  integrity sha512-psRSqJZCsC/irNhfHzrVZbmPYXDcEYhA5TVNwr+V92jF44rbf86hqGp8fiT702FyiArScYIlPSBTDUASCVNSpw==
  dependencies:
    level-js "^5.0.0"
    level-packager "^5.1.0"
    leveldown "^5.4.0"

leveldown@^5.4.0:
  version "5.6.0"
  resolved "https://registry.npmjs.org/leveldown/-/leveldown-5.6.0.tgz#16ba937bb2991c6094e13ac5a6898ee66d3eee98"
  integrity sha512-iB8O/7Db9lPaITU1aA2txU/cBEXAt4vWwKQRrrWuS6XDgbP4QZGj9BL2aNbwb002atoQ/lIotJkfyzz+ygQnUQ==
  dependencies:
    abstract-leveldown "~6.2.1"
    napi-macros "~2.0.0"
    node-gyp-build "~4.1.0"

levelup@^4.3.2:
  version "4.4.0"
  resolved "https://registry.npmjs.org/levelup/-/levelup-4.4.0.tgz#f89da3a228c38deb49c48f88a70fb71f01cafed6"
  integrity sha512-94++VFO3qN95cM/d6eBXvd894oJE0w3cInq9USsyQzzoJxmiYzPAocNcuGCPGGjoXqDVJcr3C1jzt1TSjyaiLQ==
  dependencies:
    deferred-leveldown "~5.3.0"
    level-errors "~2.0.0"
    level-iterator-stream "~4.0.0"
    level-supports "~1.0.0"
    xtend "~4.0.0"

lib0@^0.2.31, lib0@^0.2.52, lib0@^0.2.85, lib0@^0.2.87, lib0@^0.2.99:
  version "0.2.99"
  resolved "https://registry.npmjs.org/lib0/-/lib0-0.2.99.tgz#80d715dbd75496dabe0a1f5061fbb4ea162d2532"
  integrity sha512-vwztYuUf1uf/1zQxfzRfO5yzfNKhTtgOByCruuiQQxWQXnPb8Itaube5ylofcV0oM0aKal9Mv+S1s1Ky0UYP1w==
  dependencies:
    isomorphic.js "^0.2.4"

lodash.debounce@^4.0.8:
  version "4.0.8"
  resolved "https://registry.npmjs.org/lodash.debounce/-/lodash.debounce-4.0.8.tgz#82d79bff30a67c4005ffd5e2515300ad9ca4d7af"
  integrity sha512-FT1yDzDYEoYWhnSGnpE/4Kj1fLZkDFyqRb7fNt6FdYOSxlUWAtp42Eh6Wb0rGIv/m9Bgo7x4GhQbm5Ys4SG5ow==

ltgt@^2.1.2:
  version "2.2.1"
  resolved "https://registry.npmjs.org/ltgt/-/ltgt-2.2.1.tgz#f35ca91c493f7b73da0e07495304f17b31f87ee5"
  integrity sha512-AI2r85+4MquTw9ZYqabu4nMwy9Oftlfa/e/52t9IjtfG+mGBbTNdAoZ3RQKLHR6r0wQnwZnPIEh/Ya6XTWAKNA==

napi-macros@~2.0.0:
  version "2.0.0"
  resolved "https://registry.npmjs.org/napi-macros/-/napi-macros-2.0.0.tgz#2b6bae421e7b96eb687aa6c77a7858640670001b"
  integrity sha512-A0xLykHtARfueITVDernsAWdtIMbOJgKgcluwENp3AlsKN/PloyO10HtmoqnFAQAcxPkgZN7wdfPfEd0zNGxbg==

node-gyp-build@~4.1.0:
  version "4.1.1"
  resolved "https://registry.npmjs.org/node-gyp-build/-/node-gyp-build-4.1.1.tgz#d7270b5d86717068d114cc57fff352f96d745feb"
  integrity sha512-dSq1xmcPDKPZ2EED2S6zw/b9NKsqzXRE6dVr8TVQnI3FJOTteUMuqF3Qqs6LZg+mLGYJWqQzMbIjMtJqTv87nQ==

proxy-compare@^3.0.1:
  version "3.0.1"
  resolved "https://registry.npmjs.org/proxy-compare/-/proxy-compare-3.0.1.tgz#3262cff3a25a6dedeaa299f6cf2369d6f7588a94"
  integrity sha512-V9plBAt3qjMlS1+nC8771KNf6oJ12gExvaxnNzN/9yVRLdTv/lc+oJlnSzrdYDAvBfTStPCoiaCOTmTs0adv7Q==

prr@~1.0.1:
  version "1.0.1"
  resolved "https://registry.npmjs.org/prr/-/prr-1.0.1.tgz#d3fc114ba06995a45ec6893f484ceb1d78f5f476"
  integrity sha512-yPw4Sng1gWghHQWj0B3ZggWUm4qVbPwPFcRG8KyxiU7J2OHFSoEHKS+EZ3fv5l1t9CyCiop6l/ZYeWbrgoQejw==

rc-cascader@~3.33.0:
  version "3.33.1"
  resolved "https://registry.npmjs.org/rc-cascader/-/rc-cascader-3.33.1.tgz#19e01462ef5ef51b723c1f562c7b9cde4691e7ee"
  integrity sha512-Kyl4EJ7ZfCBuidmZVieegcbFw0RcU5bHHSbtEdmuLYd0fYHCAiYKZ6zon7fWAVyC6rWWOOib0XKdTSf7ElC9rg==
  dependencies:
    "@babel/runtime" "^7.25.7"
    classnames "^2.3.1"
    rc-select "~14.16.2"
    rc-tree "~5.13.0"
    rc-util "^5.43.0"

rc-checkbox@~3.5.0:
  version "3.5.0"
  resolved "https://registry.npmjs.org/rc-checkbox/-/rc-checkbox-3.5.0.tgz#3ae2441e3a321774d390f76539e706864fcf5ff0"
  integrity sha512-aOAQc3E98HteIIsSqm6Xk2FPKIER6+5vyEFMZfo73TqM+VVAIqOkHoPjgKLqSNtVLWScoaM7vY2ZrGEheI79yg==
  dependencies:
    "@babel/runtime" "^7.10.1"
    classnames "^2.3.2"
    rc-util "^5.25.2"

rc-collapse@~3.9.0:
  version "3.9.0"
  resolved "https://registry.npmjs.org/rc-collapse/-/rc-collapse-3.9.0.tgz#972404ce7724e1c9d1d2476543e1175404a36806"
  integrity sha512-swDdz4QZ4dFTo4RAUMLL50qP0EY62N2kvmk2We5xYdRwcRn8WcYtuetCJpwpaCbUfUt5+huLpVxhvmnK+PHrkA==
  dependencies:
    "@babel/runtime" "^7.10.1"
    classnames "2.x"
    rc-motion "^2.3.4"
    rc-util "^5.27.0"

rc-dialog@~9.6.0:
  version "9.6.0"
  resolved "https://registry.npmjs.org/rc-dialog/-/rc-dialog-9.6.0.tgz#dc7a255c6ad1cb56021c3a61c7de86ee88c7c371"
  integrity sha512-ApoVi9Z8PaCQg6FsUzS8yvBEQy0ZL2PkuvAgrmohPkN3okps5WZ5WQWPc1RNuiOKaAYv8B97ACdsFU5LizzCqg==
  dependencies:
    "@babel/runtime" "^7.10.1"
    "@rc-component/portal" "^1.0.0-8"
    classnames "^2.2.6"
    rc-motion "^2.3.0"
    rc-util "^5.21.0"

rc-drawer@~7.2.0:
  version "7.2.0"
  resolved "https://registry.npmjs.org/rc-drawer/-/rc-drawer-7.2.0.tgz#8d7de2f1fd52f3ac5a25f54afbb8ac14c62e5663"
  integrity sha512-9lOQ7kBekEJRdEpScHvtmEtXnAsy+NGDXiRWc2ZVC7QXAazNVbeT4EraQKYwCME8BJLa8Bxqxvs5swwyOepRwg==
  dependencies:
    "@babel/runtime" "^7.23.9"
    "@rc-component/portal" "^1.1.1"
    classnames "^2.2.6"
    rc-motion "^2.6.1"
    rc-util "^5.38.1"

rc-dropdown@~4.2.0, rc-dropdown@~4.2.1:
  version "4.2.1"
  resolved "https://registry.npmjs.org/rc-dropdown/-/rc-dropdown-4.2.1.tgz#44729eb2a4272e0353d31ac060da21e606accb1c"
  integrity sha512-YDAlXsPv3I1n42dv1JpdM7wJ+gSUBfeyPK59ZpBD9jQhK9jVuxpjj3NmWQHOBceA1zEPVX84T2wbdb2SD0UjmA==
  dependencies:
    "@babel/runtime" "^7.18.3"
    "@rc-component/trigger" "^2.0.0"
    classnames "^2.2.6"
    rc-util "^5.44.1"

rc-field-form@~2.7.0:
  version "2.7.0"
  resolved "https://registry.npmjs.org/rc-field-form/-/rc-field-form-2.7.0.tgz#22413e793f35bfc1f35b0ec462774d7277f5a399"
  integrity sha512-hgKsCay2taxzVnBPZl+1n4ZondsV78G++XVsMIJCAoioMjlMQR9YwAp7JZDIECzIu2Z66R+f4SFIRrO2DjDNAA==
  dependencies:
    "@babel/runtime" "^7.18.0"
    "@rc-component/async-validator" "^5.0.3"
    rc-util "^5.32.2"

rc-image@~7.11.0:
  version "7.11.0"
  resolved "https://registry.npmjs.org/rc-image/-/rc-image-7.11.0.tgz#18c77ea557a6fdbe26856c688a9aace1505c0e77"
  integrity sha512-aZkTEZXqeqfPZtnSdNUnKQA0N/3MbgR7nUnZ+/4MfSFWPFHZau4p5r5ShaI0KPEMnNjv4kijSCFq/9wtJpwykw==
  dependencies:
    "@babel/runtime" "^7.11.2"
    "@rc-component/portal" "^1.0.2"
    classnames "^2.2.6"
    rc-dialog "~9.6.0"
    rc-motion "^2.6.2"
    rc-util "^5.34.1"

rc-input-number@~9.4.0:
  version "9.4.0"
  resolved "https://registry.npmjs.org/rc-input-number/-/rc-input-number-9.4.0.tgz#65caf04f1b6d05f47e141b1f5f484724c1f7fd5a"
  integrity sha512-Tiy4DcXcFXAf9wDhN8aUAyMeCLHJUHA/VA/t7Hj8ZEx5ETvxG7MArDOSE6psbiSCo+vJPm4E3fGN710ITVn6GA==
  dependencies:
    "@babel/runtime" "^7.10.1"
    "@rc-component/mini-decimal" "^1.0.1"
    classnames "^2.2.5"
    rc-input "~1.7.1"
    rc-util "^5.40.1"

rc-input@~1.7.1, rc-input@~1.7.2:
  version "1.7.3"
  resolved "https://registry.npmjs.org/rc-input/-/rc-input-1.7.3.tgz#cb334a17b93ce985bceb243b4c111a5ed641e0e3"
  integrity sha512-A5w4egJq8+4JzlQ55FfQjDnPvOaAbzwC3VLOAdOytyek3TboSOP9qxN+Gifup+shVXfvecBLBbWBpWxmk02SWQ==
  dependencies:
    "@babel/runtime" "^7.11.1"
    classnames "^2.2.1"
    rc-util "^5.18.1"

rc-mentions@~2.19.1:
  version "2.19.1"
  resolved "https://registry.npmjs.org/rc-mentions/-/rc-mentions-2.19.1.tgz#3fd0dd0bf3dd63afdb6a21750cbae81f3824b9c4"
  integrity sha512-KK3bAc/bPFI993J3necmaMXD2reZTzytZdlTvkeBbp50IGH1BDPDvxLdHDUrpQx2b2TGaVJsn+86BvYa03kGqA==
  dependencies:
    "@babel/runtime" "^7.22.5"
    "@rc-component/trigger" "^2.0.0"
    classnames "^2.2.6"
    rc-input "~1.7.1"
    rc-menu "~9.16.0"
    rc-textarea "~1.9.0"
    rc-util "^5.34.1"

rc-menu@~9.16.0:
  version "9.16.1"
  resolved "https://registry.npmjs.org/rc-menu/-/rc-menu-9.16.1.tgz#9df1168e41d87dc7164c582173e1a1d32011899f"
  integrity sha512-ghHx6/6Dvp+fw8CJhDUHFHDJ84hJE3BXNCzSgLdmNiFErWSOaZNsihDAsKq9ByTALo/xkNIwtDFGIl6r+RPXBg==
  dependencies:
    "@babel/runtime" "^7.10.1"
    "@rc-component/trigger" "^2.0.0"
    classnames "2.x"
    rc-motion "^2.4.3"
    rc-overflow "^1.3.1"
    rc-util "^5.27.0"

rc-motion@^2.0.0, rc-motion@^2.0.1, rc-motion@^2.3.0, rc-motion@^2.3.4, rc-motion@^2.4.3, rc-motion@^2.4.4, rc-motion@^2.6.1, rc-motion@^2.6.2, rc-motion@^2.9.0, rc-motion@^2.9.5:
  version "2.9.5"
  resolved "https://registry.npmjs.org/rc-motion/-/rc-motion-2.9.5.tgz#12c6ead4fd355f94f00de9bb4f15df576d677e0c"
  integrity sha512-w+XTUrfh7ArbYEd2582uDrEhmBHwK1ZENJiSJVb7uRxdE7qJSYjbO2eksRXmndqyKqKoYPc9ClpPh5242mV1vA==
  dependencies:
    "@babel/runtime" "^7.11.1"
    classnames "^2.2.1"
    rc-util "^5.44.0"

rc-notification@~5.6.3:
  version "5.6.3"
  resolved "https://registry.npmjs.org/rc-notification/-/rc-notification-5.6.3.tgz#5aca122b7e2fb73ae4ba77238a90e6e8c9c12b8d"
  integrity sha512-42szwnn8VYQoT6GnjO00i1iwqV9D1TTMvxObWsuLwgl0TsOokzhkYiufdtQBsJMFjJravS1hfDKVMHLKLcPE4g==
  dependencies:
    "@babel/runtime" "^7.10.1"
    classnames "2.x"
    rc-motion "^2.9.0"
    rc-util "^5.20.1"

rc-overflow@^1.3.1, rc-overflow@^1.3.2:
  version "1.4.1"
  resolved "https://registry.npmjs.org/rc-overflow/-/rc-overflow-1.4.1.tgz#e1bcf0375979c24cffa2d87bf83a19ded5fcdf45"
  integrity sha512-3MoPQQPV1uKyOMVNd6SZfONi+f3st0r8PksexIdBTeIYbMX0Jr+k7pHEDvsXtR4BpCv90/Pv2MovVNhktKrwvw==
  dependencies:
    "@babel/runtime" "^7.11.1"
    classnames "^2.2.1"
    rc-resize-observer "^1.0.0"
    rc-util "^5.37.0"

rc-pagination@~5.1.0:
  version "5.1.0"
  resolved "https://registry.npmjs.org/rc-pagination/-/rc-pagination-5.1.0.tgz#a6e63a2c5db29e62f991282eb18a2d3ee725ba8b"
  integrity sha512-8416Yip/+eclTFdHXLKTxZvn70duYVGTvUUWbckCCZoIl3jagqke3GLsFrMs0bsQBikiYpZLD9206Ej4SOdOXQ==
  dependencies:
    "@babel/runtime" "^7.10.1"
    classnames "^2.3.2"
    rc-util "^5.38.0"

rc-picker@~4.11.1:
  version "4.11.3"
  resolved "https://registry.npmjs.org/rc-picker/-/rc-picker-4.11.3.tgz#7e7e3ad83aa461c284b8391c697492d1c34d2cb8"
  integrity sha512-MJ5teb7FlNE0NFHTncxXQ62Y5lytq6sh5nUw0iH8OkHL/TjARSEvSHpr940pWgjGANpjCwyMdvsEV55l5tYNSg==
  dependencies:
    "@babel/runtime" "^7.24.7"
    "@rc-component/trigger" "^2.0.0"
    classnames "^2.2.1"
    rc-overflow "^1.3.2"
    rc-resize-observer "^1.4.0"
    rc-util "^5.43.0"

rc-progress@~4.0.0:
  version "4.0.0"
  resolved "https://registry.npmjs.org/rc-progress/-/rc-progress-4.0.0.tgz#5382147d9add33d3a5fbd264001373df6440e126"
  integrity sha512-oofVMMafOCokIUIBnZLNcOZFsABaUw8PPrf1/y0ZBvKZNpOiu5h4AO9vv11Sw0p4Hb3D0yGWuEattcQGtNJ/aw==
  dependencies:
    "@babel/runtime" "^7.10.1"
    classnames "^2.2.6"
    rc-util "^5.16.1"

rc-rate@~2.13.1:
  version "2.13.1"
  resolved "https://registry.npmjs.org/rc-rate/-/rc-rate-2.13.1.tgz#29af7a3d4768362e9d4388f955a8b6389526b7fd"
  integrity sha512-QUhQ9ivQ8Gy7mtMZPAjLbxBt5y9GRp65VcUyGUMF3N3fhiftivPHdpuDIaWIMOTEprAjZPC08bls1dQB+I1F2Q==
  dependencies:
    "@babel/runtime" "^7.10.1"
    classnames "^2.2.5"
    rc-util "^5.0.1"

rc-resize-observer@^1.0.0, rc-resize-observer@^1.1.0, rc-resize-observer@^1.3.1, rc-resize-observer@^1.4.0, rc-resize-observer@^1.4.3:
  version "1.4.3"
  resolved "https://registry.npmjs.org/rc-resize-observer/-/rc-resize-observer-1.4.3.tgz#4fd41fa561ba51362b5155a07c35d7c89a1ea569"
  integrity sha512-YZLjUbyIWox8E9i9C3Tm7ia+W7euPItNWSPX5sCcQTYbnwDb5uNpnLHQCG1f22oZWUhLw4Mv2tFmeWe68CDQRQ==
  dependencies:
    "@babel/runtime" "^7.20.7"
    classnames "^2.2.1"
    rc-util "^5.44.1"
    resize-observer-polyfill "^1.5.1"

rc-segmented@~2.7.0:
  version "2.7.0"
  resolved "https://registry.npmjs.org/rc-segmented/-/rc-segmented-2.7.0.tgz#f56c2044abf8f03958b3a9a9d32987f10dcc4fc4"
  integrity sha512-liijAjXz+KnTRVnxxXG2sYDGd6iLL7VpGGdR8gwoxAXy2KglviKCxLWZdjKYJzYzGSUwKDSTdYk8brj54Bn5BA==
  dependencies:
    "@babel/runtime" "^7.11.1"
    classnames "^2.2.1"
    rc-motion "^2.4.4"
    rc-util "^5.17.0"

rc-select@~14.16.2, rc-select@~14.16.6:
  version "14.16.6"
  resolved "https://registry.npmjs.org/rc-select/-/rc-select-14.16.6.tgz#1c57a9aa97248b3fd9a830d9bf5df6e9d2ad2c69"
  integrity sha512-YPMtRPqfZWOm2XGTbx5/YVr1HT0vn//8QS77At0Gjb3Lv+Lbut0IORJPKLWu1hQ3u4GsA0SrDzs7nI8JG7Zmyg==
  dependencies:
    "@babel/runtime" "^7.10.1"
    "@rc-component/trigger" "^2.1.1"
    classnames "2.x"
    rc-motion "^2.0.1"
    rc-overflow "^1.3.1"
    rc-util "^5.16.1"
    rc-virtual-list "^3.5.2"

rc-slider@~11.1.8:
  version "11.1.8"
  resolved "https://registry.npmjs.org/rc-slider/-/rc-slider-11.1.8.tgz#cf3b30dacac8f98d44f7685f733f6f7da146fc06"
  integrity sha512-2gg/72YFSpKP+Ja5AjC5DPL1YnV8DEITDQrcc1eASrUYjl0esptaBVJBh5nLTXCCp15eD8EuGjwezVGSHhs9tQ==
  dependencies:
    "@babel/runtime" "^7.10.1"
    classnames "^2.2.5"
    rc-util "^5.36.0"

rc-steps@~6.0.1:
  version "6.0.1"
  resolved "https://registry.npmjs.org/rc-steps/-/rc-steps-6.0.1.tgz#c2136cd0087733f6d509209a84a5c80dc29a274d"
  integrity sha512-lKHL+Sny0SeHkQKKDJlAjV5oZ8DwCdS2hFhAkIjuQt1/pB81M0cA0ErVFdHq9+jmPmFw1vJB2F5NBzFXLJxV+g==
  dependencies:
    "@babel/runtime" "^7.16.7"
    classnames "^2.2.3"
    rc-util "^5.16.1"

rc-switch@~4.1.0:
  version "4.1.0"
  resolved "https://registry.npmjs.org/rc-switch/-/rc-switch-4.1.0.tgz#f37d81b4e0c5afd1274fd85367b17306bf25e7d7"
  integrity sha512-TI8ufP2Az9oEbvyCeVE4+90PDSljGyuwix3fV58p7HV2o4wBnVToEyomJRVyTaZeqNPAp+vqeo4Wnj5u0ZZQBg==
  dependencies:
    "@babel/runtime" "^7.21.0"
    classnames "^2.2.1"
    rc-util "^5.30.0"

rc-table@~7.50.3:
  version "7.50.3"
  resolved "https://registry.npmjs.org/rc-table/-/rc-table-7.50.3.tgz#3016084e34cd834965eb3fa6a1b30a14926b7706"
  integrity sha512-Z4/zNCzjv7f/XzPRecb+vJU0DJKdsYt4YRkDzNl4G05m7JmxrKGYC2KqN1Ew6jw2zJq7cxVv3z39qyZOHMuf7A==
  dependencies:
    "@babel/runtime" "^7.10.1"
    "@rc-component/context" "^1.4.0"
    classnames "^2.2.5"
    rc-resize-observer "^1.1.0"
    rc-util "^5.44.3"
    rc-virtual-list "^3.14.2"

rc-tabs@~15.5.1:
  version "15.5.1"
  resolved "https://registry.npmjs.org/rc-tabs/-/rc-tabs-15.5.1.tgz#9460ae1fd75e2a217e30e596c26425a661a2a4c6"
  integrity sha512-yiWivLAjEo5d1v2xlseB2dQocsOhkoVSfo1krS8v8r+02K+TBUjSjXIf7dgyVSxp6wRIPv5pMi5hanNUlQMgUA==
  dependencies:
    "@babel/runtime" "^7.11.2"
    classnames "2.x"
    rc-dropdown "~4.2.0"
    rc-menu "~9.16.0"
    rc-motion "^2.6.2"
    rc-resize-observer "^1.0.0"
    rc-util "^5.34.1"

rc-textarea@~1.9.0:
  version "1.9.0"
  resolved "https://registry.npmjs.org/rc-textarea/-/rc-textarea-1.9.0.tgz#d807194ebef90f25f0b9501cddf5e8f2968d598a"
  integrity sha512-dQW/Bc/MriPBTugj2Kx9PMS5eXCCGn2cxoIaichjbNvOiARlaHdI99j4DTxLl/V8+PIfW06uFy7kjfUIDDKyxQ==
  dependencies:
    "@babel/runtime" "^7.10.1"
    classnames "^2.2.1"
    rc-input "~1.7.1"
    rc-resize-observer "^1.0.0"
    rc-util "^5.27.0"

rc-tooltip@~6.4.0:
  version "6.4.0"
  resolved "https://registry.npmjs.org/rc-tooltip/-/rc-tooltip-6.4.0.tgz#e832ed0392872025e59928cfc1ad9045656467fd"
  integrity sha512-kqyivim5cp8I5RkHmpsp1Nn/Wk+1oeloMv9c7LXNgDxUpGm+RbXJGL+OPvDlcRnx9DBeOe4wyOIl4OKUERyH1g==
  dependencies:
    "@babel/runtime" "^7.11.2"
    "@rc-component/trigger" "^2.0.0"
    classnames "^2.3.1"
    rc-util "^5.44.3"

rc-tree-select@~5.27.0:
  version "5.27.0"
  resolved "https://registry.npmjs.org/rc-tree-select/-/rc-tree-select-5.27.0.tgz#3daa62972ae80846dac96bf4776d1a9dc9c7c4c6"
  integrity sha512-2qTBTzwIT7LRI1o7zLyrCzmo5tQanmyGbSaGTIf7sYimCklAToVVfpMC6OAldSKolcnjorBYPNSKQqJmN3TCww==
  dependencies:
    "@babel/runtime" "^7.25.7"
    classnames "2.x"
    rc-select "~14.16.2"
    rc-tree "~5.13.0"
    rc-util "^5.43.0"

rc-tree@~5.13.0:
  version "5.13.1"
  resolved "https://registry.npmjs.org/rc-tree/-/rc-tree-5.13.1.tgz#f36a33a94a1282f4b09685216c01487089748910"
  integrity sha512-FNhIefhftobCdUJshO7M8uZTA9F4OPGVXqGfZkkD/5soDeOhwO06T/aKTrg0WD8gRg/pyfq+ql3aMymLHCTC4A==
  dependencies:
    "@babel/runtime" "^7.10.1"
    classnames "2.x"
    rc-motion "^2.0.1"
    rc-util "^5.16.1"
    rc-virtual-list "^3.5.1"

rc-upload@~4.8.1:
  version "4.8.1"
  resolved "https://registry.npmjs.org/rc-upload/-/rc-upload-4.8.1.tgz#ac55f2bc101b95b52a6e47f3c18f0f55b54e16d2"
  integrity sha512-toEAhwl4hjLAI1u8/CgKWt30BR06ulPa4iGQSMvSXoHzO88gPCslxqV/mnn4gJU7PDoltGIC9Eh+wkeudqgHyw==
  dependencies:
    "@babel/runtime" "^7.18.3"
    classnames "^2.2.5"
    rc-util "^5.2.0"

rc-util@^5.0.1, rc-util@^5.16.1, rc-util@^5.17.0, rc-util@^5.18.1, rc-util@^5.2.0, rc-util@^5.20.1, rc-util@^5.21.0, rc-util@^5.24.4, rc-util@^5.25.2, rc-util@^5.27.0, rc-util@^5.30.0, rc-util@^5.31.1, rc-util@^5.32.2, rc-util@^5.34.1, rc-util@^5.35.0, rc-util@^5.36.0, rc-util@^5.37.0, rc-util@^5.38.0, rc-util@^5.38.1, rc-util@^5.40.1, rc-util@^5.43.0, rc-util@^5.44.0, rc-util@^5.44.1, rc-util@^5.44.3, rc-util@^5.44.4:
  version "5.44.4"
  resolved "https://registry.npmjs.org/rc-util/-/rc-util-5.44.4.tgz#89ee9037683cca01cd60f1a6bbda761457dd6ba5"
  integrity sha512-resueRJzmHG9Q6rI/DfK6Kdv9/Lfls05vzMs1Sk3M2P+3cJa+MakaZyWY8IPfehVuhPJFKrIY1IK4GqbiaiY5w==
  dependencies:
    "@babel/runtime" "^7.18.3"
    react-is "^18.2.0"

rc-virtual-list@^3.14.2, rc-virtual-list@^3.5.1, rc-virtual-list@^3.5.2:
  version "3.18.3"
  resolved "https://registry.npmjs.org/rc-virtual-list/-/rc-virtual-list-3.18.3.tgz#2433851632b79a65dd1693db18d41a73f62168f0"
  integrity sha512-s1/bZQY2uwnmgXYeXxJkk2cSTz1cdUPDCrxAq/y1WQM115HilFFIvLi+JVFfkD4xCq3TZxGM17FQH4NLesWfwg==
  dependencies:
    "@babel/runtime" "^7.20.0"
    classnames "^2.2.6"
    rc-resize-observer "^1.0.0"
    rc-util "^5.36.0"

react-dom@19.1.0-canary-ff628334-20250205:
  version "19.1.0-canary-ff628334-20250205"
  resolved "https://registry.npmjs.org/react-dom/-/react-dom-19.1.0-canary-ff628334-20250205.tgz#cd9b9dd6f2726b68c11c1b50d4a4d3491e445ae4"
  integrity sha512-O/FFWzQNHqKLavROUliPXDPAwJcjwDcFbZmg2YfsWtSDJj1pRFTNzYvOUChC/hgBQiIM5rAiznQjBw2D9naH1g==
  dependencies:
    scheduler "0.26.0-canary-ff628334-20250205"

react-is@^18.2.0:
  version "18.3.1"
  resolved "https://registry.npmjs.org/react-is/-/react-is-18.3.1.tgz#e83557dc12eae63a99e003a46388b1dcbb44db7e"
  integrity sha512-/LLMVyas0ljjAtoYiPqYiL8VWXzUUdThrmU5+n20DZv+a+ClRoevUzw5JxU+Ieh5/c87ytoTBV9G1FiKfNJdmg==

react@19.1.0-canary-ff628334-20250205:
  version "19.1.0-canary-ff628334-20250205"
  resolved "https://registry.npmjs.org/react/-/react-19.1.0-canary-ff628334-20250205.tgz#bbf196fb5314fdeb074c79ad0e22c88d62124971"
  integrity sha512-lJUElq6aqp9uYWXx+yGb1yzVU/vvdu1ffQ+Ly56jlKPrgJQeZvX3dTmSjIcbTJJGq9OhvoRWz/0PUC1r3lx0xw==

readable-stream@^3.4.0:
  version "3.6.2"
  resolved "https://registry.npmjs.org/readable-stream/-/readable-stream-3.6.2.tgz#56a9b36ea965c00c5a93ef31eb111a0f11056967"
  integrity sha512-9u/sniCrY3D5WdsERHzHE4G2YCXqoG5FTHUiCC4SIbr6XcLZBY05ya9EKjYek9O5xOAwjGq+1JdGBAS7Q9ScoA==
  dependencies:
    inherits "^2.0.3"
    string_decoder "^1.1.1"
    util-deprecate "^1.0.1"

regenerator-runtime@^0.14.0:
  version "0.14.1"
  resolved "https://registry.npmjs.org/regenerator-runtime/-/regenerator-runtime-0.14.1.tgz#356ade10263f685dda125100cd862c1db895327f"
  integrity sha512-dYnhHh0nJoMfnkZs6GmmhFknAGRrLznOu5nc9ML+EJxGvrx6H7teuevqVqCuPcPK//3eDrrjQhehXVx9cnkGdw==

resize-observer-polyfill@^1.5.1:
  version "1.5.1"
  resolved "https://registry.npmjs.org/resize-observer-polyfill/-/resize-observer-polyfill-1.5.1.tgz#0e9020dd3d21024458d4ebd27e23e40269810464"
  integrity sha512-LwZrotdHOo12nQuZlHEmtuXdqGoOD0OhaxopaNFxWzInpEgaLWoVuAMbTzixuosCx2nEG58ngzW3vxdWoxIgdg==

rhine-var@0.10.1:
  version "0.10.1"
  resolved "https://registry.npmjs.org/rhine-var/-/rhine-var-0.10.1.tgz#4aca8261a44f3fd1c46c16a5e6a87f79159e95cd"
  integrity sha512-1AFbirltPVVOO/SZIz3AFYyadbQnFcA1YZ0MOkKQydALdBKOiKqWcKYxbZSJ3YqKNYVx16pn6ThydeCNFweq4Q==
  dependencies:
    "@hocuspocus/provider" "^2.15.0"
    y-protocols "^1.0.6"
    y-websocket "^2.0.4"
    yjs "^13.6.23"

safe-buffer@~5.2.0:
  version "5.2.1"
  resolved "https://registry.npmjs.org/safe-buffer/-/safe-buffer-5.2.1.tgz#1eaf9fa9bdb1fdd4ec75f58f9cdb4e6b7827eec6"
  integrity sha512-rp3So07KcdmmKbGvgaNxQSJr7bGVSVk5S9Eq1F+ppbRo70+YeaDxkw5Dd8NPN+GD6bjnYm2VuPuCXmpuYvmCXQ==

scheduler@0.26.0-canary-ff628334-20250205:
  version "0.26.0-canary-ff628334-20250205"
  resolved "https://registry.npmjs.org/scheduler/-/scheduler-0.26.0-canary-ff628334-20250205.tgz#aee77579cf90ea243e4fb690c565dc73fa920bfe"
  integrity sha512-U0tZuylPZVLsLMHfoqXdURMPdHXd8nBqqJXIQCiT0NQqY5wxc4I+Wsg1XFAY2WY0WRh6U0c3WMljp2JvRjXKow==

scroll-into-view-if-needed@^3.1.0:
  version "3.1.0"
  resolved "https://registry.npmjs.org/scroll-into-view-if-needed/-/scroll-into-view-if-needed-3.1.0.tgz#fa9524518c799b45a2ef6bbffb92bcad0296d01f"
  integrity sha512-49oNpRjWRvnU8NyGVmUaYG4jtTkNonFZI86MmGRDqBphEK2EXT9gdEUoQPZhuBM8yWHxCWbobltqYO5M4XrUvQ==
  dependencies:
    compute-scroll-into-view "^3.0.2"

string-convert@^0.2.0:
  version "0.2.1"
  resolved "https://registry.npmjs.org/string-convert/-/string-convert-0.2.1.tgz#6982cc3049fbb4cd85f8b24568b9d9bf39eeff97"
  integrity sha512-u/1tdPl4yQnPBjnVrmdLo9gtuLvELKsAoRapekWggdiQNvvvum+jYF329d84NAa660KQw7pB2n36KrIKVoXa3A==

string_decoder@^1.1.1:
  version "1.3.0"
  resolved "https://registry.npmjs.org/string_decoder/-/string_decoder-1.3.0.tgz#42f114594a46cf1a8e30b0a84f56c78c3edac21e"
  integrity sha512-hkRX8U1WjJFd8LsDJ2yQ/wWWxaopEsABU1XfkM8A+j0+85JAGppt16cr1Whg6KIbb4okU6Mql6BOj+uup/wKeA==
  dependencies:
    safe-buffer "~5.2.0"

stylis@^4.3.4:
  version "4.3.6"
  resolved "https://registry.npmjs.org/stylis/-/stylis-4.3.6.tgz#7c7b97191cb4f195f03ecab7d52f7902ed378320"
  integrity sha512-yQ3rwFWRfwNUY7H5vpU0wfdkNSnvnJinhF9830Swlaxl03zsOjCfmX0ugac+3LtK0lYSgwL/KXc8oYL3mG4YFQ==

throttle-debounce@^5.0.0, throttle-debounce@^5.0.2:
  version "5.0.2"
  resolved "https://registry.npmjs.org/throttle-debounce/-/throttle-debounce-5.0.2.tgz#ec5549d84e053f043c9fd0f2a6dd892ff84456b1"
  integrity sha512-B71/4oyj61iNH0KeCamLuE2rmKuTO5byTOSVwECM5FA7TiAiAW+UqTKZ9ERueC4qvgSttUhdmq1mXC3kJqGX7A==

toggle-selection@^1.0.6:
  version "1.0.6"
  resolved "https://registry.npmjs.org/toggle-selection/-/toggle-selection-1.0.6.tgz#6e45b1263f2017fa0acc7d89d78b15b8bf77da32"
  integrity sha512-BiZS+C1OS8g/q2RRbJmy59xpyghNBqrr6k5L/uKBGRsTfxmu3ffiRnd8mlGPUVayg8pvfi5urfnu8TU7DVOkLQ==

typescript@^5.6.2:
  version "5.8.2"
  resolved "https://registry.npmjs.org/typescript/-/typescript-5.8.2.tgz#8170b3702f74b79db2e5a96207c15e65807999e4"
  integrity sha512-aJn6wq13/afZp/jT9QZmwEjDqqvSGp1VT5GVg+f/t6/oVyrgXM6BY1h9BRh/O5p3PlUPAe+WuiEZOmb/49RqoQ==

util-deprecate@^1.0.1:
  version "1.0.2"
  resolved "https://registry.npmjs.org/util-deprecate/-/util-deprecate-1.0.2.tgz#450d4dc9fa70de732762fbd2d4a28981419a0ccf"
  integrity sha512-EPD5q1uXyFxJpCrLnCc1nHnq3gOa6DZBocAIiI2TaSCA7VCJ1UJDMagCzIkXNsUYfD1daK//LTEQ8xiIbrHtcw==

valtio@2.1.3:
  version "2.1.3"
  resolved "https://registry.npmjs.org/valtio/-/valtio-2.1.3.tgz#ba8827230c26071cd2bf914a3bf71296678dcd52"
  integrity sha512-q+dVczY5zf7kO39JPVq2qR0VXMeEpF1t+P1njHU7hAhwgtyVa/p38YmgyHZq2IQYwnkNrkvh412k4sfDmcIJ2g==
  dependencies:
    proxy-compare "^3.0.1"

ws@^6.2.1:
  version "6.2.3"
  resolved "https://registry.npmjs.org/ws/-/ws-6.2.3.tgz#ccc96e4add5fd6fedbc491903075c85c5a11d9ee"
  integrity sha512-jmTjYU0j60B+vHey6TfR3Z7RD61z/hmxBS3VMSGIrroOWXQEneK1zNuotOUrGyBHQj0yrpsLHPWtigEFd13ndA==
  dependencies:
    async-limiter "~1.0.0"

ws@^8.17.1:
  version "8.18.1"
  resolved "https://registry.npmjs.org/ws/-/ws-8.18.1.tgz#ea131d3784e1dfdff91adb0a4a116b127515e3cb"
  integrity sha512-RKW2aJZMXeMxVpnZ6bck+RswznaxmzdULiBr6KY7XkTnW8uvt0iT9H5DkHUChXrc+uurzwa0rVI16n/Xzjdz1w==

xtend@^4.0.2, xtend@~4.0.0:
  version "4.0.2"
  resolved "https://registry.npmjs.org/xtend/-/xtend-4.0.2.tgz#bb72779f5fa465186b1f438f674fa347fdb5db54"
  integrity sha512-LKYU1iAXJXUgAXn9URjiu+MWhyUXHsvfp7mcuYm9dSUKK0/CjtrUwFAxD82/mCWbtLsGjFIad0wIsod4zrTAEQ==

y-leveldb@^0.1.0:
  version "0.1.2"
  resolved "https://registry.npmjs.org/y-leveldb/-/y-leveldb-0.1.2.tgz#43f6c5004b6891b57926d8a1e0eb0c883003e34b"
  integrity sha512-6ulEn5AXfXJYi89rXPEg2mMHAyyw8+ZfeMMdOtBbV8FJpQ1NOrcgi6DTAcXof0dap84NjHPT2+9d0rb6cFsjEg==
  dependencies:
    level "^6.0.1"
    lib0 "^0.2.31"

y-protocols@^1.0.5, y-protocols@^1.0.6:
  version "1.0.6"
  resolved "https://registry.npmjs.org/y-protocols/-/y-protocols-1.0.6.tgz#66dad8a95752623443e8e28c0e923682d2c0d495"
  integrity sha512-vHRF2L6iT3rwj1jub/K5tYcTT/mEYDUppgNPXwp8fmLpui9f7Yeq3OEtTLVF012j39QnV+KEQpNqoN7CWU7Y9Q==
  dependencies:
    lib0 "^0.2.85"

y-websocket@^2.0.4:
  version "2.1.0"
  resolved "https://registry.npmjs.org/y-websocket/-/y-websocket-2.1.0.tgz#ea9b425022d6476f2c4eabb2d64dcbbffc015bb6"
  integrity sha512-WHYDRqomaGkkaujtowCDwL8KYk+t1zQCGIgKyvxvchhjTQlMgWXRHJK+FDEcWmHA7I7o/4fy0eniOrtmz0e4mA==
  dependencies:
    lib0 "^0.2.52"
    lodash.debounce "^4.0.8"
    y-protocols "^1.0.5"
  optionalDependencies:
    ws "^6.2.1"
    y-leveldb "^0.1.0"

yjs@^13.6.23:
  version "13.6.23"
  resolved "https://registry.npmjs.org/yjs/-/yjs-13.6.23.tgz#62358dfa52e92dc870b8a0bedcf0d4cbd4c5ffa8"
  integrity sha512-ExtnT5WIOVpkL56bhLeisG/N5c4fmzKn4k0ROVfJa5TY2QHbH7F0Wu2T5ZhR7ErsFWQEFafyrnSI8TPKVF9Few==
  dependencies:
    lib0 "^0.2.99"
